
Microsoft Visual Studio Solution File, Format Version 12.00
# Visual Studio Version 17
VisualStudioVersion = 17.8.34511.84
MinimumVisualStudioVersion = 10.0.40219.1
Project("{FAE04EC0-301F-11D3-BF4B-00C04F79EFBC}") = "SoftNet_WS_ConsoleApp", "SoftNet_WS_ConsoleApp\SoftNet_WS_ConsoleApp.csproj", "{9FC0A51A-BEC0-408F-8D98-2FB60AC0428C}"
EndProject
Project("{FAE04EC0-301F-11D3-BF4B-00C04F79EFBC}") = "SoftNet_DS_ConsoleApp", "SoftNet_DS_ConsoleApp\SoftNet_DS_ConsoleApp.csproj", "{8915019A-121F-4ECD-88FB-4F8BDBD2FED5}"
EndProject
Global
	GlobalSection(SolutionConfigurationPlatforms) = preSolution
		Debug|Any CPU = Debug|Any CPU
		Release|Any CPU = Release|Any CPU
	EndGlobalSection
	GlobalSection(ProjectConfigurationPlatforms) = postSolution
		{9FC0A51A-BEC0-408F-8D98-2FB60AC0428C}.Debug|Any CPU.ActiveCfg = Debug|Any CPU
		{9FC0A51A-BEC0-408F-8D98-2FB60AC0428C}.Debug|Any CPU.Build.0 = Debug|Any CPU
		{9FC0A51A-BEC0-408F-8D98-2FB60AC0428C}.Release|Any CPU.ActiveCfg = Release|Any CPU
		{9FC0A51A-BEC0-408F-8D98-2FB60AC0428C}.Release|Any CPU.Build.0 = Release|Any CPU
		{8915019A-121F-4ECD-88FB-4F8BDBD2FED5}.Debug|Any CPU.ActiveCfg = Debug|Any CPU
		{8915019A-121F-4ECD-88FB-4F8BDBD2FED5}.Debug|Any CPU.Build.0 = Debug|Any CPU
		{8915019A-121F-4ECD-88FB-4F8BDBD2FED5}.Release|Any CPU.ActiveCfg = Release|Any CPU
		{8915019A-121F-4ECD-88FB-4F8BDBD2FED5}.Release|Any CPU.Build.0 = Release|Any CPU
	EndGlobalSection
	GlobalSection(SolutionProperties) = preSolution
		HideSolutionNode = FALSE
	EndGlobalSection
	GlobalSection(ExtensibilityGlobals) = postSolution
		SolutionGuid = {87852081-F091-44AC-929D-420CE3EF8D9C}
	EndGlobalSection
EndGlobal
